
Microsoft Visual Studio Solution File, Format Version 12.00
# Visual Studio Version 17
VisualStudioVersion = 17.3.32929.385
MinimumVisualStudioVersion = 10.0.40219.1
Project("{FAE04EC0-301F-11D3-BF4B-00C04F79EFBC}") = "Taskmanager", "Taskmanager\Taskmanager.csproj", "{45A62A2A-7BF0-4EC8-B236-FA71B8A846DC}"
EndProject
Global
	GlobalSection(SolutionConfigurationPlatforms) = preSolution
		Debug|Any CPU = Debug|Any CPU
		Release|Any CPU = Release|Any CPU
	EndGlobalSection
	GlobalSection(ProjectConfigurationPlatforms) = postSolution
		{45A62A2A-7BF0-4EC8-B236-FA71B8A846DC}.Debug|Any CPU.ActiveCfg = Debug|Any CPU
		{45A62A2A-7BF0-4EC8-B236-FA71B8A846DC}.Debug|Any CPU.Build.0 = Debug|Any CPU
		{45A62A2A-7BF0-4EC8-B236-FA71B8A846DC}.Release|Any CPU.ActiveCfg = Release|Any CPU
		{45A62A2A-7BF0-4EC8-B236-FA71B8A846DC}.Release|Any CPU.Build.0 = Release|Any CPU
	EndGlobalSection
	GlobalSection(SolutionProperties) = preSolution
		HideSolutionNode = FALSE
	EndGlobalSection
	GlobalSection(ExtensibilityGlobals) = postSolution
		SolutionGuid = {4476280C-952C-4DC7-A01D-4128D8AB6329}
	EndGlobalSection
EndGlobal
